
Microsoft Visual Studio Solution File, Format Version 12.00
# Visual Studio Version 16
VisualStudioVersion = 16.0.29411.108
MinimumVisualStudioVersion = 10.0.40219.1
Project("{FAE04EC0-301F-11D3-BF4B-00C04F79EFBC}") = "EFWorkforce", "EFWorkforce\EFWorkforce.csproj", "{2F775147-C895-41F2-9CCA-D5C175238401}"
EndProject
Global
	GlobalSection(SolutionConfigurationPlatforms) = preSolution
		Debug|Any CPU = Debug|Any CPU
		Release|Any CPU = Release|Any CPU
	EndGlobalSection
	GlobalSection(ProjectConfigurationPlatforms) = postSolution
		{2F775147-C895-41F2-9CCA-D5C175238401}.Debug|Any CPU.ActiveCfg = Debug|Any CPU
		{2F775147-C895-41F2-9CCA-D5C175238401}.Debug|Any CPU.Build.0 = Debug|Any CPU
		{2F775147-C895-41F2-9CCA-D5C175238401}.Release|Any CPU.ActiveCfg = Release|Any CPU
		{2F775147-C895-41F2-9CCA-D5C175238401}.Release|Any CPU.Build.0 = Release|Any CPU
	EndGlobalSection
	GlobalSection(SolutionProperties) = preSolution
		HideSolutionNode = FALSE
	EndGlobalSection
	GlobalSection(ExtensibilityGlobals) = postSolution
		SolutionGuid = {5584EB61-5FEE-43E7-9E59-49FD442F6B24}
	EndGlobalSection
EndGlobal
